
Microsoft Visual Studio Solution File, Format Version 12.00
# Visual Studio 2013
VisualStudioVersion = 12.0.30110.0
MinimumVisualStudioVersion = 10.0.40219.1
Project("{FAE04EC0-301F-11D3-BF4B-00C04F79EFBC}") = "Sample", "source\Sample\Sample.csproj", "{CB2754CE-C506-43FB-A5BF-9429D0AA356E}"
EndProject
Project("{FAE04EC0-301F-11D3-BF4B-00C04F79EFBC}") = "PerfMatters.Flush", "source\PerfMatters.Flush\PerfMatters.Flush.csproj", "{2E5C96B4-2076-498A-BC88-54C7B57EAA28}"
EndProject
Project("{2150E333-8FDC-42A3-9474-1A3956D46DE8}") = ".nuget", ".nuget", "{FDA78905-EF3D-4A86-B7A0-87DB2CC31C33}"
	ProjectSection(SolutionItems) = preProject
		.nuget\packages.config = .nuget\packages.config
	EndProjectSection
EndProject
Global
	GlobalSection(SolutionConfigurationPlatforms) = preSolution
		Debug|Any CPU = Debug|Any CPU
		Release|Any CPU = Release|Any CPU
	EndGlobalSection
	GlobalSection(ProjectConfigurationPlatforms) = postSolution
		{CB2754CE-C506-43FB-A5BF-9429D0AA356E}.Debug|Any CPU.ActiveCfg = Debug|Any CPU
		{CB2754CE-C506-43FB-A5BF-9429D0AA356E}.Debug|Any CPU.Build.0 = Debug|Any CPU
		{CB2754CE-C506-43FB-A5BF-9429D0AA356E}.Release|Any CPU.ActiveCfg = Release|Any CPU
		{CB2754CE-C506-43FB-A5BF-9429D0AA356E}.Release|Any CPU.Build.0 = Release|Any CPU
		{2E5C96B4-2076-498A-BC88-54C7B57EAA28}.Debug|Any CPU.ActiveCfg = Debug|Any CPU
		{2E5C96B4-2076-498A-BC88-54C7B57EAA28}.Debug|Any CPU.Build.0 = Debug|Any CPU
		{2E5C96B4-2076-498A-BC88-54C7B57EAA28}.Release|Any CPU.ActiveCfg = Release|Any CPU
		{2E5C96B4-2076-498A-BC88-54C7B57EAA28}.Release|Any CPU.Build.0 = Release|Any CPU
	EndGlobalSection
	GlobalSection(SolutionProperties) = preSolution
		HideSolutionNode = FALSE
	EndGlobalSection
EndGlobal
